%{"certifi": {:hex, :certifi, "0.3.0"},
  "excoveralls": {:git, "https://github.com/parroty/excoveralls.git", "501d67e44f0e1c5a8bf25d7dd5658921212f7e69", [branch: "experiment"]},
  "exjsx": {:hex, :exjsx, "3.2.0"},
  "hackney": {:hex, :hackney, "1.4.8"},
  "idna": {:hex, :idna, "1.0.3"},
  "jsx": {:hex, :jsx, "2.6.2"},
  "mimerl": {:hex, :mimerl, "1.0.2"},
  "ssl_verify_hostname": {:hex, :ssl_verify_hostname, "1.0.5"}}
